%{"chatterbox": {:git, "https://github.com/jaigouk/chatterbox.git", "331a95fb1a73ecf78a0513b750181d289f07509e", [branch: "otp20"]},
  "cowboy": {:git, "https://github.com/tony612/cowboy.git", "42d1c4060f169aa9eda044ba0ba79912a504bd66", [branch: "my-fix"]},
  "cowlib": {:git, "https://github.com/ninenines/cowlib", "11e07d3c2b164d06ad35188d83ad70e7501396db", [ref: "master"]},
  "exprotobuf": {:hex, :exprotobuf, "1.2.7", "287e2a1239fa9924c71815b1961e6e97d55c13496e9feb4ad755706af105ec36", [:mix], [{:gpb, "~> 3.24", [hex: :gpb, repo: "hexpm", optional: false]}], "hexpm"},
  "goldrush": {:git, "https://github.com/basho/goldrush.git", "8f1b715d36b650ec1e1f5612c00e28af6ab0de82", [tag: "0.1.9"]},
  "gpb": {:hex, :gpb, "3.27.3", "10b97043096f27d3b7fc31b5d6ed79c5f0f21c4bc5614a5bab7b687ac76c6b6b", [:make, :rebar], [], "hexpm"},
  "grpc": {:git, "https://github.com/tony612/grpc-elixir.git", "5accbc6005992965dc39ec134a3153a7f1d0c227", []},
  "hpack": {:git, "https://github.com/joedevivo/hpack.git", "6b58b6231e9b6ab83096715120578976f72f4f7c", [tag: "0.2.3"]},
  "lager": {:git, "https://github.com/basho/lager.git", "81eaef0ce98fdbf64ab95665e3bc2ec4b24c7dac", [tag: "3.2.4"]},
  "ranch": {:git, "https://github.com/ninenines/ranch", "a5d2efcde9a34ad38ab89a26d98ea5335e88625a", [ref: "1.2.1"]}}
