%{"chatterbox": {:git, "https://github.com/tony612/chatterbox.git", "0af21aff01eff72081cdd879bfc631a60c6fa0a2", [branch: "my-fix"]},
  "cowboy": {:git, "https://github.com/tony612/cowboy.git", "42d1c4060f169aa9eda044ba0ba79912a504bd66", [branch: "my-fix"]},
  "cowlib": {:git, "https://github.com/ninenines/cowlib", "7fe557b9d33403d80a9c456209a194ba473a7956", [ref: "master"]},
  "exprotobuf": {:hex, :exprotobuf, "1.2.1", "5658b9f602719e145cc9398715843f64bab635c2a448e366b8855db72deabfbd", [:mix], [{:gpb, "~> 3.24", [hex: :gpb, repo: "hexpm", optional: false]}], "hexpm"},
  "goldrush": {:git, "https://github.com/basho/goldrush.git", "8f1b715d36b650ec1e1f5612c00e28af6ab0de82", [tag: "0.1.9"]},
  "gpb": {:hex, :gpb, "3.26.4", "d7abdeb17cf226f29bbc3bfbbe14281f35fdb34d6fb13a12819334af3d1af73f", [:make, :rebar], [], "hexpm"},
  "grpc": {:git, "https://github.com/tony612/grpc-elixir.git", "5accbc6005992965dc39ec134a3153a7f1d0c227", []},
  "hpack": {:git, "https://github.com/joedevivo/hpack.git", "6b58b6231e9b6ab83096715120578976f72f4f7c", [tag: "0.2.3"]},
  "lager": {:git, "https://github.com/basho/lager.git", "81eaef0ce98fdbf64ab95665e3bc2ec4b24c7dac", [tag: "3.2.4"]},
  "poison": {:hex, :poison, "3.0.0", "625ebd64d33ae2e65201c2c14d6c85c27cc8b68f2d0dd37828fde9c6920dd131", [:mix], [], "hexpm"},
  "ranch": {:git, "https://github.com/ninenines/ranch", "a5d2efcde9a34ad38ab89a26d98ea5335e88625a", [ref: "1.2.1"]}}
