%{"chatterbox": {:git, "https://github.com/tony612/chatterbox.git", "c7c2ab4c3e74618cfa78fdbf6444fac3952d194b", [branch: "my-fix"]},
  "cowboy": {:git, "https://github.com/ninenines/cowboy.git", "7cd59f43679aa349763f4d30624a0bd361633f41", []},
  "cowlib": {:git, "https://github.com/ninenines/cowlib", "eb8990fccdeaf44e1f58e83c49e23b1b2be4093a", [ref: "master"]},
  "dialyxir": {:hex, :dialyxir, "0.5.1", "b331b091720fd93e878137add264bac4f644e1ddae07a70bf7062c7862c4b952", [:mix], []},
  "goldrush": {:git, "https://github.com/basho/goldrush.git", "8f1b715d36b650ec1e1f5612c00e28af6ab0de82", [tag: "0.1.9"]},
  "grpc": {:git, "https://github.com/tony612/grpc-elixir.git", "584275094373a9b126fb875c1394921535d1c9d1", []},
  "hpack": {:git, "https://github.com/joedevivo/hpack.git", "6b58b6231e9b6ab83096715120578976f72f4f7c", [tag: "0.2.3"]},
  "lager": {:git, "https://github.com/basho/lager.git", "81eaef0ce98fdbf64ab95665e3bc2ec4b24c7dac", [tag: "3.2.4"]},
  "poison": {:hex, :poison, "3.1.0", "d9eb636610e096f86f25d9a46f35a9facac35609a7591b3be3326e99a0484665", [:mix], []},
  "protobuf": {:hex, :protobuf, "0.5.0", "ec9857903f8c49cf01ad5f1340956e19ebe0ef05e225b15b442f33b13031ce08", [:mix], []},
  "ranch": {:git, "https://github.com/ninenines/ranch", "55c2a9d623454f372a15e99721a37093d8773b48", [ref: "1.4.0"]}}
