%{
  "accept": {:hex, :accept, "0.3.5", "b33b127abca7cc948bbe6caa4c263369abf1347cfa9d8e699c6d214660f10cd1", [:rebar3], [], "hexpm", "11b18c220bcc2eab63b5470c038ef10eb6783bcb1fcdb11aa4137defa5ac1bb8"},
  "cowboy": {:hex, :cowboy, "2.7.0", "91ed100138a764355f43316b1d23d7ff6bdb0de4ea618cb5d8677c93a7a2f115", [:rebar3], [{:cowlib, "~> 2.8.0", [hex: :cowlib, repo: "hexpm", optional: false]}, {:ranch, "~> 1.7.1", [hex: :ranch, repo: "hexpm", optional: false]}], "hexpm", "04fd8c6a39edc6aaa9c26123009200fc61f92a3a94f3178c527b70b767c6e605"},
  "cowlib": {:hex, :cowlib, "2.9.0", "8365736a2ada74d5e8640c9b03efff15aceffcf2c7cba2e5ffd0c549f54bf0da", [:rebar3], [], "hexpm", "e8a93bbdf5c4f3d63fbb0cae422de2b58227955bebad5fed978f7a83b0ca4c89"},
  "extrace": {:hex, :extrace, "0.2.1", "e234f1f64df8c989771b7b5d047a3412f10512c0e3d414fc7eb0e8fc633779f8", [:mix], [{:recon, "~> 2.5", [hex: :recon, repo: "hexpm", optional: false]}], "hexpm", "1b2d9fc4bacc208d5aaa97f61e7c47b66ff4dfc155e9b95647e68ca316ab3981"},
  "grpc": {:git, "https://github.com/elixir-grpc/grpc.git", "21422839798e49bf6d29327fab0a7add51becedd", []},
  "grpc_prometheus": {:hex, :grpc_prometheus, "0.1.0", "a2f45ca83018c4ae59e4c293b7455634ac09e38c36cba7cc1fb8affdf462a6d5", [:mix], [{:grpc, ">= 0.0.0", [hex: :grpc, repo: "hexpm", optional: true]}, {:prometheus, "~> 4.0", [hex: :prometheus, repo: "hexpm", optional: false]}, {:prometheus_ex, "~> 3.0", [hex: :prometheus_ex, repo: "hexpm", optional: false]}], "hexpm", "8b9ab3098657e7daec0b3edc78e1d02418bc0871618d8ca89b51b74a8086bb71"},
  "grpc_statsd": {:hex, :grpc_statsd, "0.1.0", "a95ae388188486043f92a3c5091c143f5a646d6af80c9da5ee616546c4d8f5ff", [:mix], [{:grpc, ">= 0.0.0", [hex: :grpc, repo: "hexpm", optional: true]}, {:statix, ">= 0.0.0", [hex: :statix, repo: "hexpm", optional: true]}], "hexpm", "de0c05db313c7b3ffeff345855d173fd82fec3de16591a126b673f7f698d9e74"},
  "gun": {:hex, :grpc_gun, "2.0.0", "f99678a2ab975e74372a756c86ec30a8384d3ac8a8b86c7ed6243ef4e61d2729", [:rebar3], [{:cowlib, "~> 2.8.0", [hex: :cowlib, repo: "hexpm", optional: false]}], "hexpm", "03dbbca1a9c604a0267a40ea1d69986225091acb822de0b2dbea21d5815e410b"},
  "prometheus": {:hex, :prometheus, "4.2.2", "a830e77b79dc6d28183f4db050a7cac926a6c58f1872f9ef94a35cd989aceef8", [:mix, :rebar3], [], "hexpm", "b479a33d4aa4ba7909186e29bb6c1240254e0047a8e2a9f88463f50c0089370e"},
  "prometheus_ex": {:hex, :prometheus_ex, "3.0.5", "fa58cfd983487fc5ead331e9a3e0aa622c67232b3ec71710ced122c4c453a02f", [:mix], [{:prometheus, "~> 4.0", [hex: :prometheus, repo: "hexpm", optional: false]}], "hexpm", "9fd13404a48437e044b288b41f76e64acd9735fb8b0e3809f494811dfa66d0fb"},
  "prometheus_httpd": {:hex, :prometheus_httpd, "2.1.11", "f616ed9b85b536b195d94104063025a91f904a4cfc20255363f49a197d96c896", [:rebar3], [{:accept, "~> 0.3", [hex: :accept, repo: "hexpm", optional: false]}, {:prometheus, "~> 4.2", [hex: :prometheus, repo: "hexpm", optional: false]}], "hexpm", "0bbe831452cfdf9588538eb2f570b26f30c348adae5e95a7d87f35a5910bcf92"},
  "protobuf": {:hex, :protobuf, "0.7.1", "7d1b9f7d9ecb32eccd96b0c58572de4d1c09e9e3bc414e4cb15c2dce7013f195", [:mix], [], "hexpm", "6eff7a5287963719521c82e5d5b4583fd1d7cdd89ad129f0ea7d503a50a4d13f"},
  "ranch": {:hex, :ranch, "1.7.1", "6b1fab51b49196860b733a49c07604465a47bdb78aa10c1c16a3d199f7f8c881", [:rebar3], [], "hexpm", "451d8527787df716d99dc36162fca05934915db0b6141bbdac2ea8d3c7afc7d7"},
  "recon": {:hex, :recon, "2.5.0", "2f7fcbec2c35034bade2f9717f77059dc54eb4e929a3049ca7ba6775c0bd66cd", [:mix, :rebar3], [], "hexpm", "72f3840fedd94f06315c523f6cecf5b4827233bed7ae3fe135b2a0ebeab5e196"},
  "statix": {:hex, :statix, "1.2.1", "4f23c8cc2477ea0de89fed5e34f08c54b0d28b838f7b8f26613155f2221bb31e", [:mix], [], "hexpm", "7f988988fddcce19ae376bb8e47aa5ea5dabf8d4ba78d34d1ae61eb537daf72e"},
}
